
Microsoft Visual Studio Solution File, Format Version 12.00
# Visual Studio 15
VisualStudioVersion = 15.0.27004.2006
MinimumVisualStudioVersion = 10.0.40219.1
Project("{FAE04EC0-301F-11D3-BF4B-00C04F79EFBC}") = "Homework5", "Homework5\Homework5.csproj", "{1D1ECEAC-BB01-4B30-8798-58CC7E332DE4}"
EndProject
Global
	GlobalSection(SolutionConfigurationPlatforms) = preSolution
		Debug|Any CPU = Debug|Any CPU
		Release|Any CPU = Release|Any CPU
	EndGlobalSection
	GlobalSection(ProjectConfigurationPlatforms) = postSolution
		{1D1ECEAC-BB01-4B30-8798-58CC7E332DE4}.Debug|Any CPU.ActiveCfg = Debug|Any CPU
		{1D1ECEAC-BB01-4B30-8798-58CC7E332DE4}.Debug|Any CPU.Build.0 = Debug|Any CPU
		{1D1ECEAC-BB01-4B30-8798-58CC7E332DE4}.Release|Any CPU.ActiveCfg = Release|Any CPU
		{1D1ECEAC-BB01-4B30-8798-58CC7E332DE4}.Release|Any CPU.Build.0 = Release|Any CPU
	EndGlobalSection
	GlobalSection(SolutionProperties) = preSolution
		HideSolutionNode = FALSE
	EndGlobalSection
	GlobalSection(ExtensibilityGlobals) = postSolution
		SolutionGuid = {EAFB9A4B-D8AC-43C8-B1F5-0641C37563DB}
	EndGlobalSection
EndGlobal
